
Microsoft Visual Studio Solution File, Format Version 12.00
# Visual Studio Version 17
VisualStudioVersion = 17.5.33414.496
MinimumVisualStudioVersion = 10.0.40219.1
Project("{FAE04EC0-301F-11D3-BF4B-00C04F79EFBC}") = "NETCORECKEditor", "NETCORECKEditor\NETCORECKEditor.csproj", "{47F6055B-1407-40F6-80A3-008FF217B927}"
EndProject
Global
	GlobalSection(SolutionConfigurationPlatforms) = preSolution
		Debug|Any CPU = Debug|Any CPU
		Release|Any CPU = Release|Any CPU
	EndGlobalSection
	GlobalSection(ProjectConfigurationPlatforms) = postSolution
		{47F6055B-1407-40F6-80A3-008FF217B927}.Debug|Any CPU.ActiveCfg = Debug|Any CPU
		{47F6055B-1407-40F6-80A3-008FF217B927}.Debug|Any CPU.Build.0 = Debug|Any CPU
		{47F6055B-1407-40F6-80A3-008FF217B927}.Release|Any CPU.ActiveCfg = Release|Any CPU
		{47F6055B-1407-40F6-80A3-008FF217B927}.Release|Any CPU.Build.0 = Release|Any CPU
	EndGlobalSection
	GlobalSection(SolutionProperties) = preSolution
		HideSolutionNode = FALSE
	EndGlobalSection
	GlobalSection(ExtensibilityGlobals) = postSolution
		SolutionGuid = {8B091E47-FF68-4292-90EF-2CBCD818C8E7}
	EndGlobalSection
EndGlobal
